
Microsoft Visual Studio Solution File, Format Version 12.00
# Visual Studio Version 16
VisualStudioVersion = 16.0.30413.136
MinimumVisualStudioVersion = 10.0.40219.1
Project("{FAE04EC0-301F-11D3-BF4B-00C04F79EFBC}") = "TicTacToe.WebUI", "TicTacToe.WebUI\TicTacToe.WebUI.csproj", "{8FB90DB2-C044-484B-AFEF-538C60CCA7F5}"
EndProject
Project("{FAE04EC0-301F-11D3-BF4B-00C04F79EFBC}") = "TicTacToe.Services", "TicTacToe.Services\TicTacToe.Services.csproj", "{91A77E65-131D-4EE0-958B-6163603C64CF}"
EndProject
Project("{FAE04EC0-301F-11D3-BF4B-00C04F79EFBC}") = "TicTacToe.Dal", "TicTacToe.Dal\TicTacToe.Dal.csproj", "{29319721-5D8D-40C5-878F-EC6D0AEEEC23}"
EndProject
Global
	GlobalSection(SolutionConfigurationPlatforms) = preSolution
		Debug|Any CPU = Debug|Any CPU
		Release|Any CPU = Release|Any CPU
	EndGlobalSection
	GlobalSection(ProjectConfigurationPlatforms) = postSolution
		{8FB90DB2-C044-484B-AFEF-538C60CCA7F5}.Debug|Any CPU.ActiveCfg = Debug|Any CPU
		{8FB90DB2-C044-484B-AFEF-538C60CCA7F5}.Debug|Any CPU.Build.0 = Debug|Any CPU
		{8FB90DB2-C044-484B-AFEF-538C60CCA7F5}.Release|Any CPU.ActiveCfg = Release|Any CPU
		{8FB90DB2-C044-484B-AFEF-538C60CCA7F5}.Release|Any CPU.Build.0 = Release|Any CPU
		{91A77E65-131D-4EE0-958B-6163603C64CF}.Debug|Any CPU.ActiveCfg = Debug|Any CPU
		{91A77E65-131D-4EE0-958B-6163603C64CF}.Debug|Any CPU.Build.0 = Debug|Any CPU
		{91A77E65-131D-4EE0-958B-6163603C64CF}.Release|Any CPU.ActiveCfg = Release|Any CPU
		{91A77E65-131D-4EE0-958B-6163603C64CF}.Release|Any CPU.Build.0 = Release|Any CPU
		{29319721-5D8D-40C5-878F-EC6D0AEEEC23}.Debug|Any CPU.ActiveCfg = Debug|Any CPU
		{29319721-5D8D-40C5-878F-EC6D0AEEEC23}.Debug|Any CPU.Build.0 = Debug|Any CPU
		{29319721-5D8D-40C5-878F-EC6D0AEEEC23}.Release|Any CPU.ActiveCfg = Release|Any CPU
		{29319721-5D8D-40C5-878F-EC6D0AEEEC23}.Release|Any CPU.Build.0 = Release|Any CPU
	EndGlobalSection
	GlobalSection(SolutionProperties) = preSolution
		HideSolutionNode = FALSE
	EndGlobalSection
	GlobalSection(ExtensibilityGlobals) = postSolution
		SolutionGuid = {34856B07-0E65-4693-9809-CC10BB736FB2}
	EndGlobalSection
EndGlobal
